
Microsoft Visual Studio Solution File, Format Version 12.00
# Visual Studio Version 16
VisualStudioVersion = 16.0.30320.27
MinimumVisualStudioVersion = 10.0.40219.1
Project("{FAE04EC0-301F-11D3-BF4B-00C04F79EFBC}") = "CV20", "CV20\CV20.csproj", "{8C37170D-9744-411A-A13B-0D73DEF89C76}"
EndProject
Global
	GlobalSection(SolutionConfigurationPlatforms) = preSolution
		Debug|Any CPU = Debug|Any CPU
		Release|Any CPU = Release|Any CPU
	EndGlobalSection
	GlobalSection(ProjectConfigurationPlatforms) = postSolution
		{8C37170D-9744-411A-A13B-0D73DEF89C76}.Debug|Any CPU.ActiveCfg = Debug|Any CPU
		{8C37170D-9744-411A-A13B-0D73DEF89C76}.Debug|Any CPU.Build.0 = Debug|Any CPU
		{8C37170D-9744-411A-A13B-0D73DEF89C76}.Release|Any CPU.ActiveCfg = Release|Any CPU
		{8C37170D-9744-411A-A13B-0D73DEF89C76}.Release|Any CPU.Build.0 = Release|Any CPU
	EndGlobalSection
	GlobalSection(SolutionProperties) = preSolution
		HideSolutionNode = FALSE
	EndGlobalSection
	GlobalSection(ExtensibilityGlobals) = postSolution
		SolutionGuid = {2059A080-1C18-4DA8-9782-F0574B93B143}
	EndGlobalSection
EndGlobal
